
Microsoft Visual Studio Solution File, Format Version 9.00
# Visual Studio 2005
Project("{FAE04EC0-301F-11D3-BF4B-00C04F79EFBC}") = "Mailtro", "SMTP\Mailtro.csproj", "{6D5EFD43-F52E-4FC7-9334-691F29A79733}"
EndProject
Project("{FAE04EC0-301F-11D3-BF4B-00C04F79EFBC}") = "ItemCollection", "itemCollection\ItemCollection.csproj", "{AE24F89F-94FC-4E77-B661-A2F2E488EDC8}"
EndProject
Project("{FAE04EC0-301F-11D3-BF4B-00C04F79EFBC}") = "SMTPCommunicator", "SMTPCommunicator\SMTPCommunicator.csproj", "{C415ECAA-BF43-4800-8446-EEDE826777C7}"
EndProject
Project("{FAE04EC0-301F-11D3-BF4B-00C04F79EFBC}") = "Be.Windows.Forms.HexBox", "E:\My Document\Visual Studio 2005\Projects\Be.HexEditor.111\Be.HexEditor.111\source\Be.Windows.Forms.HexBox\Be.Windows.Forms.HexBox.csproj", "{26C5F25F-B450-4CAF-AD8B-B8D11AE73457}"
EndProject
Global
	GlobalSection(SolutionConfigurationPlatforms) = preSolution
		Debug|Any CPU = Debug|Any CPU
		Release|Any CPU = Release|Any CPU
	EndGlobalSection
	GlobalSection(ProjectConfigurationPlatforms) = postSolution
		{6D5EFD43-F52E-4FC7-9334-691F29A79733}.Debug|Any CPU.ActiveCfg = Debug|Any CPU
		{6D5EFD43-F52E-4FC7-9334-691F29A79733}.Debug|Any CPU.Build.0 = Debug|Any CPU
		{6D5EFD43-F52E-4FC7-9334-691F29A79733}.Release|Any CPU.ActiveCfg = Release|Any CPU
		{6D5EFD43-F52E-4FC7-9334-691F29A79733}.Release|Any CPU.Build.0 = Release|Any CPU
		{AE24F89F-94FC-4E77-B661-A2F2E488EDC8}.Debug|Any CPU.ActiveCfg = Debug|Any CPU
		{AE24F89F-94FC-4E77-B661-A2F2E488EDC8}.Debug|Any CPU.Build.0 = Debug|Any CPU
		{AE24F89F-94FC-4E77-B661-A2F2E488EDC8}.Release|Any CPU.ActiveCfg = Release|Any CPU
		{AE24F89F-94FC-4E77-B661-A2F2E488EDC8}.Release|Any CPU.Build.0 = Release|Any CPU
		{C415ECAA-BF43-4800-8446-EEDE826777C7}.Debug|Any CPU.ActiveCfg = Debug|Any CPU
		{C415ECAA-BF43-4800-8446-EEDE826777C7}.Debug|Any CPU.Build.0 = Debug|Any CPU
		{C415ECAA-BF43-4800-8446-EEDE826777C7}.Release|Any CPU.ActiveCfg = Release|Any CPU
		{C415ECAA-BF43-4800-8446-EEDE826777C7}.Release|Any CPU.Build.0 = Release|Any CPU
		{26C5F25F-B450-4CAF-AD8B-B8D11AE73457}.Debug|Any CPU.ActiveCfg = Debug|Any CPU
		{26C5F25F-B450-4CAF-AD8B-B8D11AE73457}.Debug|Any CPU.Build.0 = Debug|Any CPU
		{26C5F25F-B450-4CAF-AD8B-B8D11AE73457}.Release|Any CPU.ActiveCfg = Release|Any CPU
		{26C5F25F-B450-4CAF-AD8B-B8D11AE73457}.Release|Any CPU.Build.0 = Release|Any CPU
	EndGlobalSection
	GlobalSection(SolutionProperties) = preSolution
		HideSolutionNode = FALSE
	EndGlobalSection
EndGlobal
